
Microsoft Visual Studio Solution File, Format Version 12.00
# Visual Studio Version 17
VisualStudioVersion = 17.1.32328.378
MinimumVisualStudioVersion = 10.0.40219.1
Project("{9A19103F-16F7-4668-BE54-9A1E7A4F7556}") = "c sharp 10 features showcase", "c sharp 10 features showcase.csproj", "{0CE51678-6A46-4C91-96A8-0F71DB62326E}"
EndProject
Project("{9A19103F-16F7-4668-BE54-9A1E7A4F7556}") = "DotNet6", "..\DotNet6\DotNet6.csproj", "{39311898-F908-46E5-96E1-C16A63ADF3EA}"
EndProject
Project("{9A19103F-16F7-4668-BE54-9A1E7A4F7556}") = "MinimalAPI", "..\MinimalAPI\MinimalAPI.csproj", "{6840877F-C819-45B0-B6E9-9F1C254BB455}"
EndProject
Global
	GlobalSection(SolutionConfigurationPlatforms) = preSolution
		Debug|Any CPU = Debug|Any CPU
		Release|Any CPU = Release|Any CPU
	EndGlobalSection
	GlobalSection(ProjectConfigurationPlatforms) = postSolution
		{0CE51678-6A46-4C91-96A8-0F71DB62326E}.Debug|Any CPU.ActiveCfg = Debug|Any CPU
		{0CE51678-6A46-4C91-96A8-0F71DB62326E}.Debug|Any CPU.Build.0 = Debug|Any CPU
		{0CE51678-6A46-4C91-96A8-0F71DB62326E}.Release|Any CPU.ActiveCfg = Release|Any CPU
		{0CE51678-6A46-4C91-96A8-0F71DB62326E}.Release|Any CPU.Build.0 = Release|Any CPU
		{39311898-F908-46E5-96E1-C16A63ADF3EA}.Debug|Any CPU.ActiveCfg = Debug|Any CPU
		{39311898-F908-46E5-96E1-C16A63ADF3EA}.Debug|Any CPU.Build.0 = Debug|Any CPU
		{39311898-F908-46E5-96E1-C16A63ADF3EA}.Release|Any CPU.ActiveCfg = Release|Any CPU
		{39311898-F908-46E5-96E1-C16A63ADF3EA}.Release|Any CPU.Build.0 = Release|Any CPU
		{6840877F-C819-45B0-B6E9-9F1C254BB455}.Debug|Any CPU.ActiveCfg = Debug|Any CPU
		{6840877F-C819-45B0-B6E9-9F1C254BB455}.Debug|Any CPU.Build.0 = Debug|Any CPU
		{6840877F-C819-45B0-B6E9-9F1C254BB455}.Release|Any CPU.ActiveCfg = Release|Any CPU
		{6840877F-C819-45B0-B6E9-9F1C254BB455}.Release|Any CPU.Build.0 = Release|Any CPU
	EndGlobalSection
	GlobalSection(SolutionProperties) = preSolution
		HideSolutionNode = FALSE
	EndGlobalSection
	GlobalSection(ExtensibilityGlobals) = postSolution
		SolutionGuid = {0048007B-21C5-4501-A0C2-4F7C138BBD7F}
	EndGlobalSection
EndGlobal
